# This file is automatically @generated by Cargo.
# It is not intended for manual editing.
version = 4

[[package]]
name = "l2linkscope"
version = "0.1.0"

[[package]]
name = "l2linkscope-core"
version = "0.1.0"

[[package]]
name = "l2linkscope-linux"
version = "0.1.0"

[[package]]
name = "l2linkscope-protocols"
version = "0.1.0"
